
Microsoft Visual Studio Solution File, Format Version 12.00
# Visual Studio Version 17
VisualStudioVersion = 17.0.31903.59
MinimumVisualStudioVersion = 10.0.40219.1
Project("{2150E333-8FDC-42A3-9474-1A3956D46DE8}") = "src", "src", "{BA5DEDCE-9CF8-4257-8E54-8F95387B4A83}"
EndProject
Project("{F2A71F9B-5D33-465A-A702-920D77279786}") = "generate_profile", "src\generate_profile\generate_profile.fsproj", "{35BECA27-FFE5-4C0C-A211-39FAA2F92D44}"
EndProject
Global
	GlobalSection(SolutionConfigurationPlatforms) = preSolution
		Debug|Any CPU = Debug|Any CPU
		Release|Any CPU = Release|Any CPU
	EndGlobalSection
	GlobalSection(SolutionProperties) = preSolution
		HideSolutionNode = FALSE
	EndGlobalSection
	GlobalSection(ProjectConfigurationPlatforms) = postSolution
		{35BECA27-FFE5-4C0C-A211-39FAA2F92D44}.Debug|Any CPU.ActiveCfg = Debug|Any CPU
		{35BECA27-FFE5-4C0C-A211-39FAA2F92D44}.Debug|Any CPU.Build.0 = Debug|Any CPU
		{35BECA27-FFE5-4C0C-A211-39FAA2F92D44}.Release|Any CPU.ActiveCfg = Release|Any CPU
		{35BECA27-FFE5-4C0C-A211-39FAA2F92D44}.Release|Any CPU.Build.0 = Release|Any CPU
	EndGlobalSection
	GlobalSection(NestedProjects) = preSolution
		{35BECA27-FFE5-4C0C-A211-39FAA2F92D44} = {BA5DEDCE-9CF8-4257-8E54-8F95387B4A83}
	EndGlobalSection
EndGlobal
